
Microsoft Visual Studio Solution File, Format Version 12.00
# Visual Studio Version 17
VisualStudioVersion = 17.0.32112.339
MinimumVisualStudioVersion = 10.0.40219.1
Project("{9A19103F-16F7-4668-BE54-9A1E7A4F7556}") = "DutchTreat", "DutchTreat\DutchTreat.csproj", "{C231E824-01DD-4014-82AC-D5482C9A1F59}"
EndProject
Global
	GlobalSection(SolutionConfigurationPlatforms) = preSolution
		Debug|Any CPU = Debug|Any CPU
		Release|Any CPU = Release|Any CPU
	EndGlobalSection
	GlobalSection(ProjectConfigurationPlatforms) = postSolution
		{C231E824-01DD-4014-82AC-D5482C9A1F59}.Debug|Any CPU.ActiveCfg = Debug|Any CPU
		{C231E824-01DD-4014-82AC-D5482C9A1F59}.Debug|Any CPU.Build.0 = Debug|Any CPU
		{C231E824-01DD-4014-82AC-D5482C9A1F59}.Release|Any CPU.ActiveCfg = Release|Any CPU
		{C231E824-01DD-4014-82AC-D5482C9A1F59}.Release|Any CPU.Build.0 = Release|Any CPU
	EndGlobalSection
	GlobalSection(SolutionProperties) = preSolution
		HideSolutionNode = FALSE
	EndGlobalSection
	GlobalSection(ExtensibilityGlobals) = postSolution
		SolutionGuid = {5EEEE028-B71C-4A27-8879-033BFBED6AC6}
	EndGlobalSection
EndGlobal
